
Microsoft Visual Studio Solution File, Format Version 12.00
# Visual Studio Version 17
VisualStudioVersion = 17.13.35931.197 d17.13
MinimumVisualStudioVersion = 10.0.40219.1
Project("{FAE04EC0-301F-11D3-BF4B-00C04F79EFBC}") = "HamsterWebServiceConsole", "HamsterWebServiceConsole\HamsterWebServiceConsole.csproj", "{D2E2F62C-C73C-42ED-8662-7E542F7B998E}"
EndProject
Global
	GlobalSection(SolutionConfigurationPlatforms) = preSolution
		Debug|Any CPU = Debug|Any CPU
		Release|Any CPU = Release|Any CPU
	EndGlobalSection
	GlobalSection(ProjectConfigurationPlatforms) = postSolution
		{D2E2F62C-C73C-42ED-8662-7E542F7B998E}.Debug|Any CPU.ActiveCfg = Debug|Any CPU
		{D2E2F62C-C73C-42ED-8662-7E542F7B998E}.Debug|Any CPU.Build.0 = Debug|Any CPU
		{D2E2F62C-C73C-42ED-8662-7E542F7B998E}.Release|Any CPU.ActiveCfg = Release|Any CPU
		{D2E2F62C-C73C-42ED-8662-7E542F7B998E}.Release|Any CPU.Build.0 = Release|Any CPU
	EndGlobalSection
	GlobalSection(SolutionProperties) = preSolution
		HideSolutionNode = FALSE
	EndGlobalSection
	GlobalSection(ExtensibilityGlobals) = postSolution
		SolutionGuid = {2836B218-A49E-4472-B7E4-54CE46C11BB4}
	EndGlobalSection
EndGlobal
